// !$*UTF8*$!
{
	archiveVersion = 1;
	classes = {
	};
	objectVersion = 48;
	objects = {

/* Begin PBXBuildFile section */
		7AFF2D32B3DCA6B063FC6DF7 /* libPods-MyCamera.a in Frameworks */ = {isa = PBXBuildFile; fileRef = 42CD1E96027CAC43EF63FB3B /* libPods-MyCamera.a */; };
		EA37DDCC2047BC5800996FB7 /* AppDelegate.m in Sources */ = {isa = PBXBuildFile; fileRef = EA37DDCB2047BC5800996FB7 /* AppDelegate.m */; };
		EA37DDCF2047BC5800996FB7 /* ViewController.m in Sources */ = {isa = PBXBuildFile; fileRef = EA37DDCE2047BC5800996FB7 /* ViewController.m */; };
		EA37DDD22047BC5800996FB7 /* Main.storyboard in Resources */ = {isa = PBXBuildFile; fileRef = EA37DDD02047BC5800996FB7 /* Main.storyboard */; };
		EA37DDD42047BC5800996FB7 /* Assets.xcassets in Resources */ = {isa = PBXBuildFile; fileRef = EA37DDD32047BC5800996FB7 /* Assets.xcassets */; };
		EA37DDD72047BC5800996FB7 /* LaunchScreen.storyboard in Resources */ = {isa = PBXBuildFile; fileRef = EA37DDD52047BC5800996FB7 /* LaunchScreen.storyboard */; };
		EA37DDDA2047BC5800996FB7 /* main.m in Sources */ = {isa = PBXBuildFile; fileRef = EA37DDD92047BC5800996FB7 /* main.m */; };
		EA37DDE92047D15400996FB7 /* MyCameraUITests.m in Sources */ = {isa = PBXBuildFile; fileRef = EA37DDE82047D15400996FB7 /* MyCameraUITests.m */; };
		EA37DDF22047D1BA00996FB7 /* SnapshotHelper.swift in Sources */ = {isa = PBXBuildFile; fileRef = EA37DDF12047D1BA00996FB7 /* SnapshotHelper.swift */; };
		EA37DDFF2047EE9800996FB7 /* MyCameraTests.m in Sources */ = {isa = PBXBuildFile; fileRef = EA37DDFE2047EE9800996FB7 /* MyCameraTests.m */; };
/* End PBXBuildFile section */

/* Begin PBXContainerItemProxy section */
		EA37DDEB2047D15400996FB7 /* PBXContainerItemProxy */ = {
			isa = PBXContainerItemProxy;
			containerPortal = EA37DDBF2047BC5800996FB7 /* Project object */;
			proxyType = 1;
			remoteGlobalIDString = EA37DDC62047BC5800996FB7;
			remoteInfo = MyCamera;
		};
		EA37DE012047EE9800996FB7 /* PBXContainerItemProxy */ = {
			isa = PBXContainerItemProxy;
			containerPortal = EA37DDBF2047BC5800996FB7 /* Project object */;
			proxyType = 1;
			remoteGlobalIDString = EA37DDC62047BC5800996FB7;
			remoteInfo = MyCamera;
		};
/* End PBXContainerItemProxy section */

/* Begin PBXFileReference section */
		23D3B9D5BD723F004EC47739 /* Pods-MyCamera.release.xcconfig */ = {isa = PBXFileReference; includeInIndex = 1; lastKnownFileType = text.xcconfig; name = "Pods-MyCamera.release.xcconfig"; path = "Pods/Target Support Files/Pods-MyCamera/Pods-MyCamera.release.xcconfig"; sourceTree = "<group>"; };
		42CD1E96027CAC43EF63FB3B /* libPods-MyCamera.a */ = {isa = PBXFileReference; explicitFileType = archive.ar; includeInIndex = 0; path = "libPods-MyCamera.a"; sourceTree = BUILT_PRODUCTS_DIR; };
		8EC18AF0F422D00ECD51A33C /* Pods-MyCamera.debug.xcconfig */ = {isa = PBXFileReference; includeInIndex = 1; lastKnownFileType = text.xcconfig; name = "Pods-MyCamera.debug.xcconfig"; path = "Pods/Target Support Files/Pods-MyCamera/Pods-MyCamera.debug.xcconfig"; sourceTree = "<group>"; };
		EA37DDC72047BC5800996FB7 /* MyCamera.app */ = {isa = PBXFileReference; explicitFileType = wrapper.application; includeInIndex = 0; path = MyCamera.app; sourceTree = BUILT_PRODUCTS_DIR; };
		EA37DDCA2047BC5800996FB7 /* AppDelegate.h */ = {isa = PBXFileReference; lastKnownFileType = sourcecode.c.h; path = AppDelegate.h; sourceTree = "<group>"; };
		EA37DDCB2047BC5800996FB7 /* AppDelegate.m */ = {isa = PBXFileReference; lastKnownFileType = sourcecode.c.objc; path = AppDelegate.m; sourceTree = "<group>"; };
		EA37DDCD2047BC5800996FB7 /* ViewController.h */ = {isa = PBXFileReference; lastKnownFileType = sourcecode.c.h; path = ViewController.h; sourceTree = "<group>"; };
		EA37DDCE2047BC5800996FB7 /* ViewController.m */ = {isa = PBXFileReference; lastKnownFileType = sourcecode.c.objc; path = ViewController.m; sourceTree = "<group>"; };
		EA37DDD12047BC5800996FB7 /* Base */ = {isa = PBXFileReference; lastKnownFileType = file.storyboard; name = Base; path = Base.lproj/Main.storyboard; sourceTree = "<group>"; };
		EA37DDD32047BC5800996FB7 /* Assets.xcassets */ = {isa = PBXFileReference; lastKnownFileType = folder.assetcatalog; path = Assets.xcassets; sourceTree = "<group>"; };
		EA37DDD62047BC5800996FB7 /* Base */ = {isa = PBXFileReference; lastKnownFileType = file.storyboard; name = Base; path = Base.lproj/LaunchScreen.storyboard; sourceTree = "<group>"; };
		EA37DDD82047BC5800996FB7 /* Info.plist */ = {isa = PBXFileReference; lastKnownFileType = text.plist.xml; path = Info.plist; sourceTree = "<group>"; };
		EA37DDD92047BC5800996FB7 /* main.m */ = {isa = PBXFileReference; lastKnownFileType = sourcecode.c.objc; path = main.m; sourceTree = "<group>"; };
		EA37DDE62047D15400996FB7 /* MyCameraUITests.xctest */ = {isa = PBXFileReference; explicitFileType = wrapper.cfbundle; includeInIndex = 0; path = MyCameraUITests.xctest; sourceTree = BUILT_PRODUCTS_DIR; };
		EA37DDE82047D15400996FB7 /* MyCameraUITests.m */ = {isa = PBXFileReference; lastKnownFileType = sourcecode.c.objc; path = MyCameraUITests.m; sourceTree = "<group>"; };
		EA37DDEA2047D15400996FB7 /* Info.plist */ = {isa = PBXFileReference; lastKnownFileType = text.plist.xml; path = Info.plist; sourceTree = "<group>"; };
		EA37DDF02047D1BA00996FB7 /* MyCameraUITests-Bridging-Header.h */ = {isa = PBXFileReference; lastKnownFileType = sourcecode.c.h; path = "MyCameraUITests-Bridging-Header.h"; sourceTree = "<group>"; };
		EA37DDF12047D1BA00996FB7 /* SnapshotHelper.swift */ = {isa = PBXFileReference; fileEncoding = 4; lastKnownFileType = sourcecode.swift; name = SnapshotHelper.swift; path = fastlane/SnapshotHelper.swift; sourceTree = SOURCE_ROOT; };
		EA37DDF42047E35D00996FB7 /* en */ = {isa = PBXFileReference; lastKnownFileType = text.plist.strings; name = en; path = en.lproj/Main.strings; sourceTree = "<group>"; };
		EA37DDF62047E4AF00996FB7 /* zh-Hans */ = {isa = PBXFileReference; lastKnownFileType = text.plist.strings; name = "zh-Hans"; path = "zh-Hans.lproj/Main.strings"; sourceTree = "<group>"; };
		EA37DDF72047E4B000996FB7 /* zh-Hans */ = {isa = PBXFileReference; lastKnownFileType = text.plist.strings; name = "zh-Hans"; path = "zh-Hans.lproj/LaunchScreen.strings"; sourceTree = "<group>"; };
		EA37DDFC2047EE9800996FB7 /* MyCameraTests.xctest */ = {isa = PBXFileReference; explicitFileType = wrapper.cfbundle; includeInIndex = 0; path = MyCameraTests.xctest; sourceTree = BUILT_PRODUCTS_DIR; };
		EA37DDFE2047EE9800996FB7 /* MyCameraTests.m */ = {isa = PBXFileReference; lastKnownFileType = sourcecode.c.objc; path = MyCameraTests.m; sourceTree = "<group>"; };
		EA37DE002047EE9800996FB7 /* Info.plist */ = {isa = PBXFileReference; lastKnownFileType = text.plist.xml; path = Info.plist; sourceTree = "<group>"; };
/* End PBXFileReference section */

/* Begin PBXFrameworksBuildPhase section */
		EA37DDC42047BC5800996FB7 /* Frameworks */ = {
			isa = PBXFrameworksBuildPhase;
			buildActionMask = 2147483647;
			files = (
				7AFF2D32B3DCA6B063FC6DF7 /* libPods-MyCamera.a in Frameworks */,
			);
			runOnlyForDeploymentPostprocessing = 0;
		};
		EA37DDE32047D15400996FB7 /* Frameworks */ = {
			isa = PBXFrameworksBuildPhase;
			buildActionMask = 2147483647;
			files = (
			);
			runOnlyForDeploymentPostprocessing = 0;
		};
		EA37DDF92047EE9800996FB7 /* Frameworks */ = {
			isa = PBXFrameworksBuildPhase;
			buildActionMask = 2147483647;
			files = (
			);
			runOnlyForDeploymentPostprocessing = 0;
		};
/* End PBXFrameworksBuildPhase section */

/* Begin PBXGroup section */
		26E02E7095B9E4D2DAA57EFA /* Frameworks */ = {
			isa = PBXGroup;
			children = (
				42CD1E96027CAC43EF63FB3B /* libPods-MyCamera.a */,
			);
			name = Frameworks;
			sourceTree = "<group>";
		};
		E9F9B059600A72749555DE90 /* Pods */ = {
			isa = PBXGroup;
			children = (
				8EC18AF0F422D00ECD51A33C /* Pods-MyCamera.debug.xcconfig */,
				23D3B9D5BD723F004EC47739 /* Pods-MyCamera.release.xcconfig */,
			);
			name = Pods;
			sourceTree = "<group>";
		};
		EA37DDBE2047BC5800996FB7 = {
			isa = PBXGroup;
			children = (
				EA37DDC92047BC5800996FB7 /* MyCamera */,
				EA37DDE72047D15400996FB7 /* MyCameraUITests */,
				EA37DDFD2047EE9800996FB7 /* MyCameraTests */,
				EA37DDC82047BC5800996FB7 /* Products */,
				E9F9B059600A72749555DE90 /* Pods */,
				26E02E7095B9E4D2DAA57EFA /* Frameworks */,
			);
			sourceTree = "<group>";
		};
		EA37DDC82047BC5800996FB7 /* Products */ = {
			isa = PBXGroup;
			children = (
				EA37DDC72047BC5800996FB7 /* MyCamera.app */,
				EA37DDE62047D15400996FB7 /* MyCameraUITests.xctest */,
				EA37DDFC2047EE9800996FB7 /* MyCameraTests.xctest */,
			);
			name = Products;
			sourceTree = "<group>";
		};
		EA37DDC92047BC5800996FB7 /* MyCamera */ = {
			isa = PBXGroup;
			children = (
				EA37DDCA2047BC5800996FB7 /* AppDelegate.h */,
				EA37DDCB2047BC5800996FB7 /* AppDelegate.m */,
				EA37DDCD2047BC5800996FB7 /* ViewController.h */,
				EA37DDCE2047BC5800996FB7 /* ViewController.m */,
				EA37DDD02047BC5800996FB7 /* Main.storyboard */,
				EA37DDD32047BC5800996FB7 /* Assets.xcassets */,
				EA37DDD52047BC5800996FB7 /* LaunchScreen.storyboard */,
				EA37DDD82047BC5800996FB7 /* Info.plist */,
				EA37DDD92047BC5800996FB7 /* main.m */,
			);
			path = MyCamera;
			sourceTree = "<group>";
		};
		EA37DDE72047D15400996FB7 /* MyCameraUITests */ = {
			isa = PBXGroup;
			children = (
				EA37DDF12047D1BA00996FB7 /* SnapshotHelper.swift */,
				EA37DDE82047D15400996FB7 /* MyCameraUITests.m */,
				EA37DDEA2047D15400996FB7 /* Info.plist */,
				EA37DDF02047D1BA00996FB7 /* MyCameraUITests-Bridging-Header.h */,
			);
			path = MyCameraUITests;
			sourceTree = "<group>";
		};
		EA37DDFD2047EE9800996FB7 /* MyCameraTests */ = {
			isa = PBXGroup;
			children = (
				EA37DDFE2047EE9800996FB7 /* MyCameraTests.m */,
				EA37DE002047EE9800996FB7 /* Info.plist */,
			);
			path = MyCameraTests;
			sourceTree = "<group>";
		};
/* End PBXGroup section */

/* Begin PBXNativeTarget section */
		EA37DDC62047BC5800996FB7 /* MyCamera */ = {
			isa = PBXNativeTarget;
			buildConfigurationList = EA37DDDD2047BC5800996FB7 /* Build configuration list for PBXNativeTarget "MyCamera" */;
			buildPhases = (
				BEA5969E1B0E1D3F0D4B5FC9 /* [CP] Check Pods Manifest.lock */,
				EA37DDC32047BC5800996FB7 /* Sources */,
				EA37DDC42047BC5800996FB7 /* Frameworks */,
				EA37DDC52047BC5800996FB7 /* Resources */,
				5636E8E2971EF079787C6A43 /* [CP] Embed Pods Frameworks */,
				D6C0EC93939F1135C2AE1AC0 /* [CP] Copy Pods Resources */,
			);
			buildRules = (
			);
			dependencies = (
			);
			name = MyCamera;
			productName = MyCamera;
			productReference = EA37DDC72047BC5800996FB7 /* MyCamera.app */;
			productType = "com.apple.product-type.application";
		};
		EA37DDE52047D15400996FB7 /* MyCameraUITests */ = {
			isa = PBXNativeTarget;
			buildConfigurationList = EA37DDED2047D15400996FB7 /* Build configuration list for PBXNativeTarget "MyCameraUITests" */;
			buildPhases = (
				EA37DDE22047D15400996FB7 /* Sources */,
				EA37DDE32047D15400996FB7 /* Frameworks */,
				EA37DDE42047D15400996FB7 /* Resources */,
			);
			buildRules = (
			);
			dependencies = (
				EA37DDEC2047D15400996FB7 /* PBXTargetDependency */,
			);
			name = MyCameraUITests;
			productName = MyCameraUITests;
			productReference = EA37DDE62047D15400996FB7 /* MyCameraUITests.xctest */;
			productType = "com.apple.product-type.bundle.ui-testing";
		};
		EA37DDFB2047EE9800996FB7 /* MyCameraTests */ = {
			isa = PBXNativeTarget;
			buildConfigurationList = EA37DE032047EE9800996FB7 /* Build configuration list for PBXNativeTarget "MyCameraTests" */;
			buildPhases = (
				EA37DDF82047EE9800996FB7 /* Sources */,
				EA37DDF92047EE9800996FB7 /* Frameworks */,
				EA37DDFA2047EE9800996FB7 /* Resources */,
			);
			buildRules = (
			);
			dependencies = (
				EA37DE022047EE9800996FB7 /* PBXTargetDependency */,
			);
			name = MyCameraTests;
			productName = MyCameraTests;
			productReference = EA37DDFC2047EE9800996FB7 /* MyCameraTests.xctest */;
			productType = "com.apple.product-type.bundle.unit-test";
		};
/* End PBXNativeTarget section */

/* Begin PBXProject section */
		EA37DDBF2047BC5800996FB7 /* Project object */ = {
			isa = PBXProject;
			attributes = {
				LastUpgradeCheck = 0920;
				ORGANIZATIONNAME = luowei;
				TargetAttributes = {
					EA37DDC62047BC5800996FB7 = {
						CreatedOnToolsVersion = 9.2;
						ProvisioningStyle = Manual;
					};
					EA37DDE52047D15400996FB7 = {
						CreatedOnToolsVersion = 9.2;
						LastSwiftMigration = 0920;
						ProvisioningStyle = Automatic;
						TestTargetID = EA37DDC62047BC5800996FB7;
					};
					EA37DDFB2047EE9800996FB7 = {
						CreatedOnToolsVersion = 9.2;
						ProvisioningStyle = Automatic;
						TestTargetID = EA37DDC62047BC5800996FB7;
					};
				};
			};
			buildConfigurationList = EA37DDC22047BC5800996FB7 /* Build configuration list for PBXProject "MyCamera" */;
			compatibilityVersion = "Xcode 8.0";
			developmentRegion = en;
			hasScannedForEncodings = 0;
			knownRegions = (
				en,
				Base,
			);
			mainGroup = EA37DDBE2047BC5800996FB7;
			productRefGroup = EA37DDC82047BC5800996FB7 /* Products */;
			projectDirPath = "";
			projectRoot = "";
			targets = (
				EA37DDC62047BC5800996FB7 /* MyCamera */,
				EA37DDE52047D15400996FB7 /* MyCameraUITests */,
				EA37DDFB2047EE9800996FB7 /* MyCameraTests */,
			);
		};
/* End PBXProject section */

/* Begin PBXResourcesBuildPhase section */
		EA37DDC52047BC5800996FB7 /* Resources */ = {
			isa = PBXResourcesBuildPhase;
			buildActionMask = 2147483647;
			files = (
				EA37DDD72047BC5800996FB7 /* LaunchScreen.storyboard in Resources */,
				EA37DDD42047BC5800996FB7 /* Assets.xcassets in Resources */,
				EA37DDD22047BC5800996FB7 /* Main.storyboard in Resources */,
			);
			runOnlyForDeploymentPostprocessing = 0;
		};
		EA37DDE42047D15400996FB7 /* Resources */ = {
			isa = PBXResourcesBuildPhase;
			buildActionMask = 2147483647;
			files = (
			);
			runOnlyForDeploymentPostprocessing = 0;
		};
		EA37DDFA2047EE9800996FB7 /* Resources */ = {
			isa = PBXResourcesBuildPhase;
			buildActionMask = 2147483647;
			files = (
			);
			runOnlyForDeploymentPostprocessing = 0;
		};
/* End PBXResourcesBuildPhase section */

/* Begin PBXShellScriptBuildPhase section */
		5636E8E2971EF079787C6A43 /* [CP] Embed Pods Frameworks */ = {
			isa = PBXShellScriptBuildPhase;
			buildActionMask = 2147483647;
			files = (
			);
			inputPaths = (
			);
			name = "[CP] Embed Pods Frameworks";
			outputPaths = (
			);
			runOnlyForDeploymentPostprocessing = 0;
			shellPath = /bin/sh;
			shellScript = "\"${SRCROOT}/Pods/Target Support Files/Pods-MyCamera/Pods-MyCamera-frameworks.sh\"\n";
			showEnvVarsInLog = 0;
		};
		BEA5969E1B0E1D3F0D4B5FC9 /* [CP] Check Pods Manifest.lock */ = {
			isa = PBXShellScriptBuildPhase;
			buildActionMask = 2147483647;
			files = (
			);
			inputPaths = (
				"${PODS_PODFILE_DIR_PATH}/Podfile.lock",
				"${PODS_ROOT}/Manifest.lock",
			);
			name = "[CP] Check Pods Manifest.lock";
			outputPaths = (
				"$(DERIVED_FILE_DIR)/Pods-MyCamera-checkManifestLockResult.txt",
			);
			runOnlyForDeploymentPostprocessing = 0;
			shellPath = /bin/sh;
			shellScript = "diff \"${PODS_PODFILE_DIR_PATH}/Podfile.lock\" \"${PODS_ROOT}/Manifest.lock\" > /dev/null\nif [ $? != 0 ] ; then\n    # print error to STDERR\n    echo \"error: The sandbox is not in sync with the Podfile.lock. Run 'pod install' or update your CocoaPods installation.\" >&2\n    exit 1\nfi\n# This output is used by Xcode 'outputs' to avoid re-running this script phase.\necho \"SUCCESS\" > \"${SCRIPT_OUTPUT_FILE_0}\"\n";
			showEnvVarsInLog = 0;
		};
		D6C0EC93939F1135C2AE1AC0 /* [CP] Copy Pods Resources */ = {
			isa = PBXShellScriptBuildPhase;
			buildActionMask = 2147483647;
			files = (
			);
			inputPaths = (
			);
			name = "[CP] Copy Pods Resources";
			outputPaths = (
			);
			runOnlyForDeploymentPostprocessing = 0;
			shellPath = /bin/sh;
			shellScript = "\"${SRCROOT}/Pods/Target Support Files/Pods-MyCamera/Pods-MyCamera-resources.sh\"\n";
			showEnvVarsInLog = 0;
		};
/* End PBXShellScriptBuildPhase section */

/* Begin PBXSourcesBuildPhase section */
		EA37DDC32047BC5800996FB7 /* Sources */ = {
			isa = PBXSourcesBuildPhase;
			buildActionMask = 2147483647;
			files = (
				EA37DDCF2047BC5800996FB7 /* ViewController.m in Sources */,
				EA37DDDA2047BC5800996FB7 /* main.m in Sources */,
				EA37DDCC2047BC5800996FB7 /* AppDelegate.m in Sources */,
			);
			runOnlyForDeploymentPostprocessing = 0;
		};
		EA37DDE22047D15400996FB7 /* Sources */ = {
			isa = PBXSourcesBuildPhase;
			buildActionMask = 2147483647;
			files = (
				EA37DDE92047D15400996FB7 /* MyCameraUITests.m in Sources */,
				EA37DDF22047D1BA00996FB7 /* SnapshotHelper.swift in Sources */,
			);
			runOnlyForDeploymentPostprocessing = 0;
		};
		EA37DDF82047EE9800996FB7 /* Sources */ = {
			isa = PBXSourcesBuildPhase;
			buildActionMask = 2147483647;
			files = (
				EA37DDFF2047EE9800996FB7 /* MyCameraTests.m in Sources */,
			);
			runOnlyForDeploymentPostprocessing = 0;
		};
/* End PBXSourcesBuildPhase section */

/* Begin PBXTargetDependency section */
		EA37DDEC2047D15400996FB7 /* PBXTargetDependency */ = {
			isa = PBXTargetDependency;
			target = EA37DDC62047BC5800996FB7 /* MyCamera */;
			targetProxy = EA37DDEB2047D15400996FB7 /* PBXContainerItemProxy */;
		};
		EA37DE022047EE9800996FB7 /* PBXTargetDependency */ = {
			isa = PBXTargetDependency;
			target = EA37DDC62047BC5800996FB7 /* MyCamera */;
			targetProxy = EA37DE012047EE9800996FB7 /* PBXContainerItemProxy */;
		};
/* End PBXTargetDependency section */

/* Begin PBXVariantGroup section */
		EA37DDD02047BC5800996FB7 /* Main.storyboard */ = {
			isa = PBXVariantGroup;
			children = (
				EA37DDD12047BC5800996FB7 /* Base */,
				EA37DDF42047E35D00996FB7 /* en */,
				EA37DDF62047E4AF00996FB7 /* zh-Hans */,
			);
			name = Main.storyboard;
			sourceTree = "<group>";
		};
		EA37DDD52047BC5800996FB7 /* LaunchScreen.storyboard */ = {
			isa = PBXVariantGroup;
			children = (
				EA37DDD62047BC5800996FB7 /* Base */,
				EA37DDF72047E4B000996FB7 /* zh-Hans */,
			);
			name = LaunchScreen.storyboard;
			sourceTree = "<group>";
		};
/* End PBXVariantGroup section */

/* Begin XCBuildConfiguration section */
		EA37DDDB2047BC5800996FB7 /* Debug */ = {
			isa = XCBuildConfiguration;
			buildSettings = {
				ALWAYS_SEARCH_USER_PATHS = NO;
				CLANG_ANALYZER_LOCALIZABILITY_NONLOCALIZED = YES;
				CLANG_ANALYZER_NONNULL = YES;
				CLANG_ANALYZER_NUMBER_OBJECT_CONVERSION = YES_AGGRESSIVE;
				CLANG_CXX_LANGUAGE_STANDARD = "gnu++14";
				CLANG_CXX_LIBRARY = "libc++";
				CLANG_ENABLE_MODULES = YES;
				CLANG_ENABLE_OBJC_ARC = YES;
				CLANG_WARN_BLOCK_CAPTURE_AUTORELEASING = YES;
				CLANG_WARN_BOOL_CONVERSION = YES;
				CLANG_WARN_COMMA = YES;
				CLANG_WARN_CONSTANT_CONVERSION = YES;
				CLANG_WARN_DIRECT_OBJC_ISA_USAGE = YES_ERROR;
				CLANG_WARN_DOCUMENTATION_COMMENTS = YES;
				CLANG_WARN_EMPTY_BODY = YES;
				CLANG_WARN_ENUM_CONVERSION = YES;
				CLANG_WARN_INFINITE_RECURSION = YES;
				CLANG_WARN_INT_CONVERSION = YES;
				CLANG_WARN_NON_LITERAL_NULL_CONVERSION = YES;
				CLANG_WARN_OBJC_LITERAL_CONVERSION = YES;
				CLANG_WARN_OBJC_ROOT_CLASS = YES_ERROR;
				CLANG_WARN_RANGE_LOOP_ANALYSIS = YES;
				CLANG_WARN_STRICT_PROTOTYPES = YES;
				CLANG_WARN_SUSPICIOUS_MOVE = YES;
				CLANG_WARN_UNGUARDED_AVAILABILITY = YES_AGGRESSIVE;
				CLANG_WARN_UNREACHABLE_CODE = YES;
				CLANG_WARN__DUPLICATE_METHOD_MATCH = YES;
				CODE_SIGN_IDENTITY = "iPhone Developer";
				COPY_PHASE_STRIP = NO;
				DEBUG_INFORMATION_FORMAT = dwarf;
				ENABLE_STRICT_OBJC_MSGSEND = YES;
				ENABLE_TESTABILITY = YES;
				GCC_C_LANGUAGE_STANDARD = gnu11;
				GCC_DYNAMIC_NO_PIC = NO;
				GCC_NO_COMMON_BLOCKS = YES;
				GCC_OPTIMIZATION_LEVEL = 0;
				GCC_PREPROCESSOR_DEFINITIONS = (
					"DEBUG=1",
					"$(inherited)",
				);
				GCC_WARN_64_TO_32_BIT_CONVERSION = YES;
				GCC_WARN_ABOUT_RETURN_TYPE = YES_ERROR;
				GCC_WARN_UNDECLARED_SELECTOR = YES;
				GCC_WARN_UNINITIALIZED_AUTOS = YES_AGGRESSIVE;
				GCC_WARN_UNUSED_FUNCTION = YES;
				GCC_WARN_UNUSED_VARIABLE = YES;
				IPHONEOS_DEPLOYMENT_TARGET = 9.0;
				MTL_ENABLE_DEBUG_INFO = YES;
				ONLY_ACTIVE_ARCH = YES;
				SDKROOT = iphoneos;
			};
			name = Debug;
		};
		EA37DDDC2047BC5800996FB7 /* Release */ = {
			isa = XCBuildConfiguration;
			buildSettings = {
				ALWAYS_SEARCH_USER_PATHS = NO;
				CLANG_ANALYZER_LOCALIZABILITY_NONLOCALIZED = YES;
				CLANG_ANALYZER_NONNULL = YES;
				CLANG_ANALYZER_NUMBER_OBJECT_CONVERSION = YES_AGGRESSIVE;
				CLANG_CXX_LANGUAGE_STANDARD = "gnu++14";
				CLANG_CXX_LIBRARY = "libc++";
				CLANG_ENABLE_MODULES = YES;
				CLANG_ENABLE_OBJC_ARC = YES;
				CLANG_WARN_BLOCK_CAPTURE_AUTORELEASING = YES;
				CLANG_WARN_BOOL_CONVERSION = YES;
				CLANG_WARN_COMMA = YES;
				CLANG_WARN_CONSTANT_CONVERSION = YES;
				CLANG_WARN_DIRECT_OBJC_ISA_USAGE = YES_ERROR;
				CLANG_WARN_DOCUMENTATION_COMMENTS = YES;
				CLANG_WARN_EMPTY_BODY = YES;
				CLANG_WARN_ENUM_CONVERSION = YES;
				CLANG_WARN_INFINITE_RECURSION = YES;
				CLANG_WARN_INT_CONVERSION = YES;
				CLANG_WARN_NON_LITERAL_NULL_CONVERSION = YES;
				CLANG_WARN_OBJC_LITERAL_CONVERSION = YES;
				CLANG_WARN_OBJC_ROOT_CLASS = YES_ERROR;
				CLANG_WARN_RANGE_LOOP_ANALYSIS = YES;
				CLANG_WARN_STRICT_PROTOTYPES = YES;
				CLANG_WARN_SUSPICIOUS_MOVE = YES;
				CLANG_WARN_UNGUARDED_AVAILABILITY = YES_AGGRESSIVE;
				CLANG_WARN_UNREACHABLE_CODE = YES;
				CLANG_WARN__DUPLICATE_METHOD_MATCH = YES;
				CODE_SIGN_IDENTITY = "iPhone Developer";
				COPY_PHASE_STRIP = NO;
				DEBUG_INFORMATION_FORMAT = "dwarf-with-dsym";
				ENABLE_NS_ASSERTIONS = NO;
				ENABLE_STRICT_OBJC_MSGSEND = YES;
				GCC_C_LANGUAGE_STANDARD = gnu11;
				GCC_NO_COMMON_BLOCKS = YES;
				GCC_WARN_64_TO_32_BIT_CONVERSION = YES;
				GCC_WARN_ABOUT_RETURN_TYPE = YES_ERROR;
				GCC_WARN_UNDECLARED_SELECTOR = YES;
				GCC_WARN_UNINITIALIZED_AUTOS = YES_AGGRESSIVE;
				GCC_WARN_UNUSED_FUNCTION = YES;
				GCC_WARN_UNUSED_VARIABLE = YES;
				IPHONEOS_DEPLOYMENT_TARGET = 9.0;
				MTL_ENABLE_DEBUG_INFO = NO;
				SDKROOT = iphoneos;
				VALIDATE_PRODUCT = YES;
			};
			name = Release;
		};
		EA37DDDE2047BC5800996FB7 /* Debug */ = {
			isa = XCBuildConfiguration;
			baseConfigurationReference = 8EC18AF0F422D00ECD51A33C /* Pods-MyCamera.debug.xcconfig */;
			buildSettings = {
				ASSETCATALOG_COMPILER_APPICON_NAME = AppIcon;
				"CODE_SIGN_IDENTITY[sdk=iphoneos*]" = "iPhone Developer";
				CODE_SIGN_STYLE = Manual;
				DEVELOPMENT_TEAM = G3A2KYKYBU;
				INFOPLIST_FILE = MyCamera/Info.plist;
				IPHONEOS_DEPLOYMENT_TARGET = 9.0;
				LD_RUNPATH_SEARCH_PATHS = "$(inherited) @executable_path/Frameworks";
				PRODUCT_BUNDLE_IDENTIFIER = com.wodedata.MyCamera;
				PRODUCT_NAME = "$(TARGET_NAME)";
				PROVISIONING_PROFILE = "b73ef0e3-8341-4e50-8f99-f39f8c499033";
				PROVISIONING_PROFILE_SPECIFIER = dev_MyCamera;
				TARGETED_DEVICE_FAMILY = "1,2";
				USER_HEADER_SEARCH_PATHS = "\"${PROJECT_DIR}/Pods\"/**";
			};
			name = Debug;
		};
		EA37DDDF2047BC5800996FB7 /* Release */ = {
			isa = XCBuildConfiguration;
			baseConfigurationReference = 23D3B9D5BD723F004EC47739 /* Pods-MyCamera.release.xcconfig */;
			buildSettings = {
				ASSETCATALOG_COMPILER_APPICON_NAME = AppIcon;
				"CODE_SIGN_IDENTITY[sdk=iphoneos*]" = "iPhone Distribution";
				CODE_SIGN_STYLE = Manual;
				DEVELOPMENT_TEAM = G3A2KYKYBU;
				INFOPLIST_FILE = MyCamera/Info.plist;
				IPHONEOS_DEPLOYMENT_TARGET = 9.0;
				LD_RUNPATH_SEARCH_PATHS = "$(inherited) @executable_path/Frameworks";
				PRODUCT_BUNDLE_IDENTIFIER = com.wodedata.MyCamera;
				PRODUCT_NAME = "$(TARGET_NAME)";
				PROVISIONING_PROFILE = "3e5a5d06-5b6d-4cd4-89e9-8b09a0adc252";
				PROVISIONING_PROFILE_SPECIFIER = dis_MyCamera;
				TARGETED_DEVICE_FAMILY = "1,2";
				USER_HEADER_SEARCH_PATHS = "\"${PROJECT_DIR}/Pods\"/**";
			};
			name = Release;
		};
		EA37DDEE2047D15400996FB7 /* Debug */ = {
			isa = XCBuildConfiguration;
			buildSettings = {
				CLANG_ENABLE_MODULES = YES;
				"CODE_SIGN_IDENTITY[sdk=iphoneos*]" = "iPhone Developer";
				CODE_SIGN_STYLE = Automatic;
				DEVELOPMENT_TEAM = G3A2KYKYBU;
				INFOPLIST_FILE = MyCameraUITests/Info.plist;
				IPHONEOS_DEPLOYMENT_TARGET = 11.2;
				LD_RUNPATH_SEARCH_PATHS = "$(inherited) @executable_path/Frameworks @loader_path/Frameworks";
				PRODUCT_BUNDLE_IDENTIFIER = com.wodedata.MyCameraUITests;
				PRODUCT_NAME = "$(TARGET_NAME)";
				PROVISIONING_PROFILE = "";
				PROVISIONING_PROFILE_SPECIFIER = "";
				SWIFT_OBJC_BRIDGING_HEADER = "MyCameraUITests/MyCameraUITests-Bridging-Header.h";
				SWIFT_OPTIMIZATION_LEVEL = "-Onone";
				SWIFT_VERSION = 3.0;
				TARGETED_DEVICE_FAMILY = "1,2";
				TEST_TARGET_NAME = MyCamera;
			};
			name = Debug;
		};
		EA37DDEF2047D15400996FB7 /* Release */ = {
			isa = XCBuildConfiguration;
			buildSettings = {
				CLANG_ENABLE_MODULES = YES;
				"CODE_SIGN_IDENTITY[sdk=iphoneos*]" = "iPhone Developer";
				CODE_SIGN_STYLE = Automatic;
				DEVELOPMENT_TEAM = G3A2KYKYBU;
				INFOPLIST_FILE = MyCameraUITests/Info.plist;
				IPHONEOS_DEPLOYMENT_TARGET = 11.2;
				LD_RUNPATH_SEARCH_PATHS = "$(inherited) @executable_path/Frameworks @loader_path/Frameworks";
				PRODUCT_BUNDLE_IDENTIFIER = com.wodedata.MyCameraUITests;
				PRODUCT_NAME = "$(TARGET_NAME)";
				PROVISIONING_PROFILE = "";
				PROVISIONING_PROFILE_SPECIFIER = "";
				SWIFT_OBJC_BRIDGING_HEADER = "MyCameraUITests/MyCameraUITests-Bridging-Header.h";
				SWIFT_VERSION = 3.0;
				TARGETED_DEVICE_FAMILY = "1,2";
				TEST_TARGET_NAME = MyCamera;
			};
			name = Release;
		};
		EA37DE042047EE9800996FB7 /* Debug */ = {
			isa = XCBuildConfiguration;
			buildSettings = {
				BUNDLE_LOADER = "$(TEST_HOST)";
				CODE_SIGN_STYLE = Automatic;
				DEVELOPMENT_TEAM = G3A2KYKYBU;
				INFOPLIST_FILE = MyCameraTests/Info.plist;
				IPHONEOS_DEPLOYMENT_TARGET = 11.2;
				LD_RUNPATH_SEARCH_PATHS = "$(inherited) @executable_path/Frameworks @loader_path/Frameworks";
				PRODUCT_BUNDLE_IDENTIFIER = com.wodedata.MyCameraTests;
				PRODUCT_NAME = "$(TARGET_NAME)";
				TARGETED_DEVICE_FAMILY = "1,2";
				TEST_HOST = "$(BUILT_PRODUCTS_DIR)/MyCamera.app/MyCamera";
			};
			name = Debug;
		};
		EA37DE052047EE9800996FB7 /* Release */ = {
			isa = XCBuildConfiguration;
			buildSettings = {
				BUNDLE_LOADER = "$(TEST_HOST)";
				CODE_SIGN_STYLE = Automatic;
				DEVELOPMENT_TEAM = G3A2KYKYBU;
				INFOPLIST_FILE = MyCameraTests/Info.plist;
				IPHONEOS_DEPLOYMENT_TARGET = 11.2;
				LD_RUNPATH_SEARCH_PATHS = "$(inherited) @executable_path/Frameworks @loader_path/Frameworks";
				PRODUCT_BUNDLE_IDENTIFIER = com.wodedata.MyCameraTests;
				PRODUCT_NAME = "$(TARGET_NAME)";
				TARGETED_DEVICE_FAMILY = "1,2";
				TEST_HOST = "$(BUILT_PRODUCTS_DIR)/MyCamera.app/MyCamera";
			};
			name = Release;
		};
/* End XCBuildConfiguration section */

/* Begin XCConfigurationList section */
		EA37DDC22047BC5800996FB7 /* Build configuration list for PBXProject "MyCamera" */ = {
			isa = XCConfigurationList;
			buildConfigurations = (
				EA37DDDB2047BC5800996FB7 /* Debug */,
				EA37DDDC2047BC5800996FB7 /* Release */,
			);
			defaultConfigurationIsVisible = 0;
			defaultConfigurationName = Release;
		};
		EA37DDDD2047BC5800996FB7 /* Build configuration list for PBXNativeTarget "MyCamera" */ = {
			isa = XCConfigurationList;
			buildConfigurations = (
				EA37DDDE2047BC5800996FB7 /* Debug */,
				EA37DDDF2047BC5800996FB7 /* Release */,
			);
			defaultConfigurationIsVisible = 0;
			defaultConfigurationName = Release;
		};
		EA37DDED2047D15400996FB7 /* Build configuration list for PBXNativeTarget "MyCameraUITests" */ = {
			isa = XCConfigurationList;
			buildConfigurations = (
				EA37DDEE2047D15400996FB7 /* Debug */,
				EA37DDEF2047D15400996FB7 /* Release */,
			);
			defaultConfigurationIsVisible = 0;
			defaultConfigurationName = Release;
		};
		EA37DE032047EE9800996FB7 /* Build configuration list for PBXNativeTarget "MyCameraTests" */ = {
			isa = XCConfigurationList;
			buildConfigurations = (
				EA37DE042047EE9800996FB7 /* Debug */,
				EA37DE052047EE9800996FB7 /* Release */,
			);
			defaultConfigurationIsVisible = 0;
			defaultConfigurationName = Release;
		};
/* End XCConfigurationList section */
	};
	rootObject = EA37DDBF2047BC5800996FB7 /* Project object */;
}
